
Microsoft Visual Studio Solution File, Format Version 12.00
# Visual Studio Version 16
VisualStudioVersion = 16.0.32510.428
MinimumVisualStudioVersion = 10.0.40219.1
Project("{FAE04EC0-301F-11D3-BF4B-00C04F79EFBC}") = "HelloWorld_20", "HelloWorld_20\HelloWorld_20.csproj", "{A130F734-3931-49B7-A090-10B7B5640B72}"
EndProject
Global
	GlobalSection(SolutionConfigurationPlatforms) = preSolution
		Debug|Any CPU = Debug|Any CPU
		Release|Any CPU = Release|Any CPU
	EndGlobalSection
	GlobalSection(ProjectConfigurationPlatforms) = postSolution
		{A130F734-3931-49B7-A090-10B7B5640B72}.Debug|Any CPU.ActiveCfg = Debug|Any CPU
		{A130F734-3931-49B7-A090-10B7B5640B72}.Debug|Any CPU.Build.0 = Debug|Any CPU
		{A130F734-3931-49B7-A090-10B7B5640B72}.Release|Any CPU.ActiveCfg = Release|Any CPU
		{A130F734-3931-49B7-A090-10B7B5640B72}.Release|Any CPU.Build.0 = Release|Any CPU
	EndGlobalSection
	GlobalSection(SolutionProperties) = preSolution
		HideSolutionNode = FALSE
	EndGlobalSection
	GlobalSection(ExtensibilityGlobals) = postSolution
		SolutionGuid = {C2F0DB66-1C21-4D99-9767-E994A38DCD4D}
	EndGlobalSection
EndGlobal
